<?xml version="1.0" encoding="utf-8"?>
<Project ToolsVersion="4.0" xmlns="http://schemas.microsoft.com/developer/msbuild/2003">
  <ItemGroup>
    <Filter Include="Source">
      <UniqueIdentifier>{6f388795-9162-42c3-92a8-8da96baffe4e}</UniqueIdentifier>
    </Filter>
    <Filter Include="Shaders">
      <UniqueIdentifier>{2be59f7a-961c-41b8-b0b4-0425bb0c5bc9}</UniqueIdentifier>
    </Filter>
  </ItemGroup>
  <ItemGroup>
    <ClCompile Include="main.cpp">
      <Filter>Source</Filter>
    </ClCompile>
    <ClCompile Include="glad.c">
      <Filter>Source</Filter>
    </ClCompile>
  </ItemGroup>
  <ItemGroup>
    <None Include="shaders\frag.fs">
      <Filter>Shaders</Filter>
    </None>
    <None Include="shaders\vertex.vs">
      <Filter>Shaders</Filter>
    </None>
  </ItemGroup>
  <ItemGroup>
    <ClInclude Include="shader.h">
      <Filter>Source</Filter>
    </ClInclude>
    <ClInclude Include="camera.h">
      <Filter>Source</Filter>
    </ClInclude>
  </ItemGroup>
</Project>